
Microsoft Visual Studio Solution File, Format Version 12.00
# Visual Studio Version 17
VisualStudioVersion = 17.11.35222.181
MinimumVisualStudioVersion = 10.0.40219.1
Project("{888888A0-9F3D-457C-B088-3A5042F75D52}") = "OPD2", "OPD2.pyproj", "{1EB592F5-EF95-4F82-933B-8DB09754A07A}"
EndProject
Global
	GlobalSection(SolutionConfigurationPlatforms) = preSolution
		Debug|Any CPU = Debug|Any CPU
		Release|Any CPU = Release|Any CPU
	EndGlobalSection
	GlobalSection(ProjectConfigurationPlatforms) = postSolution
		{1EB592F5-EF95-4F82-933B-8DB09754A07A}.Debug|Any CPU.ActiveCfg = Debug|Any CPU
		{1EB592F5-EF95-4F82-933B-8DB09754A07A}.Debug|Any CPU.Build.0 = Debug|Any CPU
		{1EB592F5-EF95-4F82-933B-8DB09754A07A}.Release|Any CPU.ActiveCfg = Release|Any CPU
		{1EB592F5-EF95-4F82-933B-8DB09754A07A}.Release|Any CPU.Build.0 = Release|Any CPU
	EndGlobalSection
	GlobalSection(SolutionProperties) = preSolution
		HideSolutionNode = FALSE
	EndGlobalSection
	GlobalSection(ExtensibilityGlobals) = postSolution
		SolutionGuid = {D6C6DA07-6154-41BB-8BCA-084E59692B64}
	EndGlobalSection
EndGlobal
